// !$*UTF8*$!
{
	archiveVersion = 1;
	classes = {
	};
	objectVersion = 50;
	objects = {

/* Begin PBXBuildFile section */
		7D66EF7720AA499B00161EE7 /* AppDelegate.swift in Sources */ = {isa = PBXBuildFile; fileRef = 7D66EF7620AA499B00161EE7 /* AppDelegate.swift */; };
		7D66EF7E20AA499D00161EE7 /* Assets.xcassets in Resources */ = {isa = PBXBuildFile; fileRef = 7D66EF7D20AA499D00161EE7 /* Assets.xcassets */; };
		7D66EF8120AA499D00161EE7 /* LaunchScreen.storyboard in Resources */ = {isa = PBXBuildFile; fileRef = 7D66EF7F20AA499D00161EE7 /* LaunchScreen.storyboard */; };
		7D66EF8C20AA499D00161EE7 /* StashTests.swift in Sources */ = {isa = PBXBuildFile; fileRef = 7D66EF8B20AA499D00161EE7 /* StashTests.swift */; };
		7D66EF9720AA499D00161EE7 /* StashUITests.swift in Sources */ = {isa = PBXBuildFile; fileRef = 7D66EF9620AA499D00161EE7 /* StashUITests.swift */; };
		7D66EFA520AA4A5300161EE7 /* AchievementsView.swift in Sources */ = {isa = PBXBuildFile; fileRef = 7D66EFA420AA4A5300161EE7 /* AchievementsView.swift */; };
		7D6ADACE20AD06A90082CFCB /* AchievementsInteractor.swift in Sources */ = {isa = PBXBuildFile; fileRef = 7D6ADACD20AD06A90082CFCB /* AchievementsInteractor.swift */; };
		7D6ADAD120AD081C0082CFCB /* APIClient.swift in Sources */ = {isa = PBXBuildFile; fileRef = 7D6ADAD020AD081C0082CFCB /* APIClient.swift */; };
		7D6ADAD320AD0CA40082CFCB /* achievements.json in Resources */ = {isa = PBXBuildFile; fileRef = 7D6ADAD220AD0CA40082CFCB /* achievements.json */; };
		7D6ADAD520AD0F460082CFCB /* Achievement.swift in Sources */ = {isa = PBXBuildFile; fileRef = 7D6ADAD420AD0F460082CFCB /* Achievement.swift */; };
		7D6ADAD720AD0FCE0082CFCB /* AchievementOverview.swift in Sources */ = {isa = PBXBuildFile; fileRef = 7D6ADAD620AD0FCE0082CFCB /* AchievementOverview.swift */; };
		7D6ADAE020AD15460082CFCB /* AchievementsPresenter.swift in Sources */ = {isa = PBXBuildFile; fileRef = 7D6ADADF20AD15460082CFCB /* AchievementsPresenter.swift */; };
		7D6ADAE320AD1C330082CFCB /* AchievementsProtocol.swift in Sources */ = {isa = PBXBuildFile; fileRef = 7D6ADAE220AD1C330082CFCB /* AchievementsProtocol.swift */; };
		7D6ADAE520AD1FE20082CFCB /* AchievementsRouter.swift in Sources */ = {isa = PBXBuildFile; fileRef = 7D6ADAE420AD1FE20082CFCB /* AchievementsRouter.swift */; };
		7D6ADAE720AD273C0082CFCB /* StashNavigationController.swift in Sources */ = {isa = PBXBuildFile; fileRef = 7D6ADAE620AD273C0082CFCB /* StashNavigationController.swift */; };
		7D6ADAEA20AD29630082CFCB /* UIFontExtensions.swift in Sources */ = {isa = PBXBuildFile; fileRef = 7D6ADAE920AD29630082CFCB /* UIFontExtensions.swift */; };
		7D6ADAEC20AD29820082CFCB /* UIColorExtensions.swift in Sources */ = {isa = PBXBuildFile; fileRef = 7D6ADAEB20AD29820082CFCB /* UIColorExtensions.swift */; };
		7D7D117A20AF63A40060EAC2 /* AchievementCell.xib in Resources */ = {isa = PBXBuildFile; fileRef = 7D7D117920AF63A40060EAC2 /* AchievementCell.xib */; };
		7D7D117C20AF65690060EAC2 /* AchievementCell.swift in Sources */ = {isa = PBXBuildFile; fileRef = 7D7D117B20AF65690060EAC2 /* AchievementCell.swift */; };
		F79DB7C5DD71ADA3F8C2482B /* Pods_Stash.framework in Frameworks */ = {isa = PBXBuildFile; fileRef = B493EF7F40D988B9563EE99C /* Pods_Stash.framework */; };
/* End PBXBuildFile section */

/* Begin PBXContainerItemProxy section */
		7D66EF8820AA499D00161EE7 /* PBXContainerItemProxy */ = {
			isa = PBXContainerItemProxy;
			containerPortal = 7D66EF6B20AA499B00161EE7 /* Project object */;
			proxyType = 1;
			remoteGlobalIDString = 7D66EF7220AA499B00161EE7;
			remoteInfo = Stash;
		};
		7D66EF9320AA499D00161EE7 /* PBXContainerItemProxy */ = {
			isa = PBXContainerItemProxy;
			containerPortal = 7D66EF6B20AA499B00161EE7 /* Project object */;
			proxyType = 1;
			remoteGlobalIDString = 7D66EF7220AA499B00161EE7;
			remoteInfo = Stash;
		};
/* End PBXContainerItemProxy section */

/* Begin PBXFileReference section */
		7D66EF7320AA499B00161EE7 /* Stash.app */ = {isa = PBXFileReference; explicitFileType = wrapper.application; includeInIndex = 0; path = Stash.app; sourceTree = BUILT_PRODUCTS_DIR; };
		7D66EF7620AA499B00161EE7 /* AppDelegate.swift */ = {isa = PBXFileReference; lastKnownFileType = sourcecode.swift; path = AppDelegate.swift; sourceTree = "<group>"; };
		7D66EF7D20AA499D00161EE7 /* Assets.xcassets */ = {isa = PBXFileReference; lastKnownFileType = folder.assetcatalog; path = Assets.xcassets; sourceTree = "<group>"; };
		7D66EF8020AA499D00161EE7 /* Base */ = {isa = PBXFileReference; lastKnownFileType = file.storyboard; name = Base; path = Base.lproj/LaunchScreen.storyboard; sourceTree = "<group>"; };
		7D66EF8220AA499D00161EE7 /* Info.plist */ = {isa = PBXFileReference; lastKnownFileType = text.plist.xml; path = Info.plist; sourceTree = "<group>"; };
		7D66EF8720AA499D00161EE7 /* StashTests.xctest */ = {isa = PBXFileReference; explicitFileType = wrapper.cfbundle; includeInIndex = 0; path = StashTests.xctest; sourceTree = BUILT_PRODUCTS_DIR; };
		7D66EF8B20AA499D00161EE7 /* StashTests.swift */ = {isa = PBXFileReference; lastKnownFileType = sourcecode.swift; path = StashTests.swift; sourceTree = "<group>"; };
		7D66EF8D20AA499D00161EE7 /* Info.plist */ = {isa = PBXFileReference; lastKnownFileType = text.plist.xml; path = Info.plist; sourceTree = "<group>"; };
		7D66EF9220AA499D00161EE7 /* StashUITests.xctest */ = {isa = PBXFileReference; explicitFileType = wrapper.cfbundle; includeInIndex = 0; path = StashUITests.xctest; sourceTree = BUILT_PRODUCTS_DIR; };
		7D66EF9620AA499D00161EE7 /* StashUITests.swift */ = {isa = PBXFileReference; lastKnownFileType = sourcecode.swift; path = StashUITests.swift; sourceTree = "<group>"; };
		7D66EF9820AA499D00161EE7 /* Info.plist */ = {isa = PBXFileReference; lastKnownFileType = text.plist.xml; path = Info.plist; sourceTree = "<group>"; };
		7D66EFA420AA4A5300161EE7 /* AchievementsView.swift */ = {isa = PBXFileReference; lastKnownFileType = sourcecode.swift; path = AchievementsView.swift; sourceTree = "<group>"; };
		7D6ADACD20AD06A90082CFCB /* AchievementsInteractor.swift */ = {isa = PBXFileReference; lastKnownFileType = sourcecode.swift; path = AchievementsInteractor.swift; sourceTree = "<group>"; };
		7D6ADAD020AD081C0082CFCB /* APIClient.swift */ = {isa = PBXFileReference; lastKnownFileType = sourcecode.swift; path = APIClient.swift; sourceTree = "<group>"; };
		7D6ADAD220AD0CA40082CFCB /* achievements.json */ = {isa = PBXFileReference; lastKnownFileType = text.json; path = achievements.json; sourceTree = "<group>"; };
		7D6ADAD420AD0F460082CFCB /* Achievement.swift */ = {isa = PBXFileReference; lastKnownFileType = sourcecode.swift; path = Achievement.swift; sourceTree = "<group>"; };
		7D6ADAD620AD0FCE0082CFCB /* AchievementOverview.swift */ = {isa = PBXFileReference; lastKnownFileType = sourcecode.swift; path = AchievementOverview.swift; sourceTree = "<group>"; };
		7D6ADADF20AD15460082CFCB /* AchievementsPresenter.swift */ = {isa = PBXFileReference; lastKnownFileType = sourcecode.swift; path = AchievementsPresenter.swift; sourceTree = "<group>"; };
		7D6ADAE220AD1C330082CFCB /* AchievementsProtocol.swift */ = {isa = PBXFileReference; lastKnownFileType = sourcecode.swift; path = AchievementsProtocol.swift; sourceTree = "<group>"; };
		7D6ADAE420AD1FE20082CFCB /* AchievementsRouter.swift */ = {isa = PBXFileReference; lastKnownFileType = sourcecode.swift; path = AchievementsRouter.swift; sourceTree = "<group>"; };
		7D6ADAE620AD273C0082CFCB /* StashNavigationController.swift */ = {isa = PBXFileReference; lastKnownFileType = sourcecode.swift; path = StashNavigationController.swift; sourceTree = "<group>"; };
		7D6ADAE920AD29630082CFCB /* UIFontExtensions.swift */ = {isa = PBXFileReference; lastKnownFileType = sourcecode.swift; path = UIFontExtensions.swift; sourceTree = "<group>"; };
		7D6ADAEB20AD29820082CFCB /* UIColorExtensions.swift */ = {isa = PBXFileReference; lastKnownFileType = sourcecode.swift; path = UIColorExtensions.swift; sourceTree = "<group>"; };
		7D7D117920AF63A40060EAC2 /* AchievementCell.xib */ = {isa = PBXFileReference; lastKnownFileType = file.xib; path = AchievementCell.xib; sourceTree = "<group>"; };
		7D7D117B20AF65690060EAC2 /* AchievementCell.swift */ = {isa = PBXFileReference; lastKnownFileType = sourcecode.swift; path = AchievementCell.swift; sourceTree = "<group>"; };
		B493EF7F40D988B9563EE99C /* Pods_Stash.framework */ = {isa = PBXFileReference; explicitFileType = wrapper.framework; includeInIndex = 0; path = Pods_Stash.framework; sourceTree = BUILT_PRODUCTS_DIR; };
		C0F73734FB31A409FFF1BDE0 /* Pods-Stash.debug.xcconfig */ = {isa = PBXFileReference; includeInIndex = 1; lastKnownFileType = text.xcconfig; name = "Pods-Stash.debug.xcconfig"; path = "Pods/Target Support Files/Pods-Stash/Pods-Stash.debug.xcconfig"; sourceTree = "<group>"; };
		EAED89EC4786111BFD74732B /* Pods-Stash.release.xcconfig */ = {isa = PBXFileReference; includeInIndex = 1; lastKnownFileType = text.xcconfig; name = "Pods-Stash.release.xcconfig"; path = "Pods/Target Support Files/Pods-Stash/Pods-Stash.release.xcconfig"; sourceTree = "<group>"; };
/* End PBXFileReference section */

/* Begin PBXFrameworksBuildPhase section */
		7D66EF7020AA499B00161EE7 /* Frameworks */ = {
			isa = PBXFrameworksBuildPhase;
			buildActionMask = 2147483647;
			files = (
				F79DB7C5DD71ADA3F8C2482B /* Pods_Stash.framework in Frameworks */,
			);
			runOnlyForDeploymentPostprocessing = 0;
		};
		7D66EF8420AA499D00161EE7 /* Frameworks */ = {
			isa = PBXFrameworksBuildPhase;
			buildActionMask = 2147483647;
			files = (
			);
			runOnlyForDeploymentPostprocessing = 0;
		};
		7D66EF8F20AA499D00161EE7 /* Frameworks */ = {
			isa = PBXFrameworksBuildPhase;
			buildActionMask = 2147483647;
			files = (
			);
			runOnlyForDeploymentPostprocessing = 0;
		};
/* End PBXFrameworksBuildPhase section */

/* Begin PBXGroup section */
		7A8B2D6E9A23032E82D299CE /* Pods */ = {
			isa = PBXGroup;
			children = (
				C0F73734FB31A409FFF1BDE0 /* Pods-Stash.debug.xcconfig */,
				EAED89EC4786111BFD74732B /* Pods-Stash.release.xcconfig */,
			);
			name = Pods;
			sourceTree = "<group>";
		};
		7D66EF6A20AA499B00161EE7 = {
			isa = PBXGroup;
			children = (
				7D66EF7520AA499B00161EE7 /* Stash */,
				7D66EF8A20AA499D00161EE7 /* StashTests */,
				7D66EF9520AA499D00161EE7 /* StashUITests */,
				7D66EF7420AA499B00161EE7 /* Products */,
				7A8B2D6E9A23032E82D299CE /* Pods */,
				EFA93A48EC0D6DC24497720E /* Frameworks */,
			);
			sourceTree = "<group>";
		};
		7D66EF7420AA499B00161EE7 /* Products */ = {
			isa = PBXGroup;
			children = (
				7D66EF7320AA499B00161EE7 /* Stash.app */,
				7D66EF8720AA499D00161EE7 /* StashTests.xctest */,
				7D66EF9220AA499D00161EE7 /* StashUITests.xctest */,
			);
			name = Products;
			sourceTree = "<group>";
		};
		7D66EF7520AA499B00161EE7 /* Stash */ = {
			isa = PBXGroup;
			children = (
				7D6ADAE820AD29590082CFCB /* Extensions */,
				7D6ADAE120AD1C230082CFCB /* Protocol */,
				7D6ADACF20AD08150082CFCB /* Network */,
				7D6ADACC20AD06790082CFCB /* Routing */,
				7D6ADACB20AD066D0082CFCB /* Presenter */,
				7D6ADACA20AD06620082CFCB /* Entity */,
				7D6ADAC920AD06520082CFCB /* View */,
				7D6ADAC720AD06360082CFCB /* Interactor */,
				7D66EF7620AA499B00161EE7 /* AppDelegate.swift */,
				7D66EF7D20AA499D00161EE7 /* Assets.xcassets */,
				7D66EF7F20AA499D00161EE7 /* LaunchScreen.storyboard */,
				7D66EF8220AA499D00161EE7 /* Info.plist */,
			);
			path = Stash;
			sourceTree = "<group>";
		};
		7D66EF8A20AA499D00161EE7 /* StashTests */ = {
			isa = PBXGroup;
			children = (
				7D66EF8B20AA499D00161EE7 /* StashTests.swift */,
				7D66EF8D20AA499D00161EE7 /* Info.plist */,
			);
			path = StashTests;
			sourceTree = "<group>";
		};
		7D66EF9520AA499D00161EE7 /* StashUITests */ = {
			isa = PBXGroup;
			children = (
				7D66EF9620AA499D00161EE7 /* StashUITests.swift */,
				7D66EF9820AA499D00161EE7 /* Info.plist */,
			);
			path = StashUITests;
			sourceTree = "<group>";
		};
		7D6ADAC720AD06360082CFCB /* Interactor */ = {
			isa = PBXGroup;
			children = (
				7D6ADACD20AD06A90082CFCB /* AchievementsInteractor.swift */,
			);
			path = Interactor;
			sourceTree = "<group>";
		};
		7D6ADAC920AD06520082CFCB /* View */ = {
			isa = PBXGroup;
			children = (
				7D66EFA420AA4A5300161EE7 /* AchievementsView.swift */,
				7D7D117920AF63A40060EAC2 /* AchievementCell.xib */,
				7D7D117B20AF65690060EAC2 /* AchievementCell.swift */,
				7D6ADAE620AD273C0082CFCB /* StashNavigationController.swift */,
			);
			path = View;
			sourceTree = "<group>";
		};
		7D6ADACA20AD06620082CFCB /* Entity */ = {
			isa = PBXGroup;
			children = (
				7D6ADAD820AD11420082CFCB /* Achievement */,
			);
			path = Entity;
			sourceTree = "<group>";
		};
		7D6ADACB20AD066D0082CFCB /* Presenter */ = {
			isa = PBXGroup;
			children = (
				7D6ADADF20AD15460082CFCB /* AchievementsPresenter.swift */,
			);
			path = Presenter;
			sourceTree = "<group>";
		};
		7D6ADACC20AD06790082CFCB /* Routing */ = {
			isa = PBXGroup;
			children = (
				7D6ADAE420AD1FE20082CFCB /* AchievementsRouter.swift */,
			);
			path = Routing;
			sourceTree = "<group>";
		};
		7D6ADACF20AD08150082CFCB /* Network */ = {
			isa = PBXGroup;
			children = (
				7D6ADAD020AD081C0082CFCB /* APIClient.swift */,
				7D6ADAD220AD0CA40082CFCB /* achievements.json */,
			);
			path = Network;
			sourceTree = "<group>";
		};
		7D6ADAD820AD11420082CFCB /* Achievement */ = {
			isa = PBXGroup;
			children = (
				7D6ADAD420AD0F460082CFCB /* Achievement.swift */,
				7D6ADAD620AD0FCE0082CFCB /* AchievementOverview.swift */,
			);
			path = Achievement;
			sourceTree = "<group>";
		};
		7D6ADAE120AD1C230082CFCB /* Protocol */ = {
			isa = PBXGroup;
			children = (
				7D6ADAE220AD1C330082CFCB /* AchievementsProtocol.swift */,
			);
			path = Protocol;
			sourceTree = "<group>";
		};
		7D6ADAE820AD29590082CFCB /* Extensions */ = {
			isa = PBXGroup;
			children = (
				7D6ADAE920AD29630082CFCB /* UIFontExtensions.swift */,
				7D6ADAEB20AD29820082CFCB /* UIColorExtensions.swift */,
			);
			path = Extensions;
			sourceTree = "<group>";
		};
		EFA93A48EC0D6DC24497720E /* Frameworks */ = {
			isa = PBXGroup;
			children = (
				B493EF7F40D988B9563EE99C /* Pods_Stash.framework */,
			);
			name = Frameworks;
			sourceTree = "<group>";
		};
/* End PBXGroup section */

/* Begin PBXNativeTarget section */
		7D66EF7220AA499B00161EE7 /* Stash */ = {
			isa = PBXNativeTarget;
			buildConfigurationList = 7D66EF9B20AA499D00161EE7 /* Build configuration list for PBXNativeTarget "Stash" */;
			buildPhases = (
				A4A367FF3AF457D5EE7423B6 /* [CP] Check Pods Manifest.lock */,
				7D66EF6F20AA499B00161EE7 /* Sources */,
				7D66EF7020AA499B00161EE7 /* Frameworks */,
				7D66EF7120AA499B00161EE7 /* Resources */,
				B3CF278FAA5B98B09B06596E /* [CP] Embed Pods Frameworks */,
			);
			buildRules = (
			);
			dependencies = (
			);
			name = Stash;
			productName = Stash;
			productReference = 7D66EF7320AA499B00161EE7 /* Stash.app */;
			productType = "com.apple.product-type.application";
		};
		7D66EF8620AA499D00161EE7 /* StashTests */ = {
			isa = PBXNativeTarget;
			buildConfigurationList = 7D66EF9E20AA499D00161EE7 /* Build configuration list for PBXNativeTarget "StashTests" */;
			buildPhases = (
				7D66EF8320AA499D00161EE7 /* Sources */,
				7D66EF8420AA499D00161EE7 /* Frameworks */,
				7D66EF8520AA499D00161EE7 /* Resources */,
			);
			buildRules = (
			);
			dependencies = (
				7D66EF8920AA499D00161EE7 /* PBXTargetDependency */,
			);
			name = StashTests;
			productName = StashTests;
			productReference = 7D66EF8720AA499D00161EE7 /* StashTests.xctest */;
			productType = "com.apple.product-type.bundle.unit-test";
		};
		7D66EF9120AA499D00161EE7 /* StashUITests */ = {
			isa = PBXNativeTarget;
			buildConfigurationList = 7D66EFA120AA499D00161EE7 /* Build configuration list for PBXNativeTarget "StashUITests" */;
			buildPhases = (
				7D66EF8E20AA499D00161EE7 /* Sources */,
				7D66EF8F20AA499D00161EE7 /* Frameworks */,
				7D66EF9020AA499D00161EE7 /* Resources */,
			);
			buildRules = (
			);
			dependencies = (
				7D66EF9420AA499D00161EE7 /* PBXTargetDependency */,
			);
			name = StashUITests;
			productName = StashUITests;
			productReference = 7D66EF9220AA499D00161EE7 /* StashUITests.xctest */;
			productType = "com.apple.product-type.bundle.ui-testing";
		};
/* End PBXNativeTarget section */

/* Begin PBXProject section */
		7D66EF6B20AA499B00161EE7 /* Project object */ = {
			isa = PBXProject;
			attributes = {
				LastSwiftUpdateCheck = 0930;
				LastUpgradeCheck = 0930;
				ORGANIZATIONNAME = "Gino Wu";
				TargetAttributes = {
					7D66EF7220AA499B00161EE7 = {
						CreatedOnToolsVersion = 9.3;
					};
					7D66EF8620AA499D00161EE7 = {
						CreatedOnToolsVersion = 9.3;
						TestTargetID = 7D66EF7220AA499B00161EE7;
					};
					7D66EF9120AA499D00161EE7 = {
						CreatedOnToolsVersion = 9.3;
						TestTargetID = 7D66EF7220AA499B00161EE7;
					};
				};
			};
			buildConfigurationList = 7D66EF6E20AA499B00161EE7 /* Build configuration list for PBXProject "Stash" */;
			compatibilityVersion = "Xcode 9.3";
			developmentRegion = en;
			hasScannedForEncodings = 0;
			knownRegions = (
				en,
				Base,
			);
			mainGroup = 7D66EF6A20AA499B00161EE7;
			productRefGroup = 7D66EF7420AA499B00161EE7 /* Products */;
			projectDirPath = "";
			projectRoot = "";
			targets = (
				7D66EF7220AA499B00161EE7 /* Stash */,
				7D66EF8620AA499D00161EE7 /* StashTests */,
				7D66EF9120AA499D00161EE7 /* StashUITests */,
			);
		};
/* End PBXProject section */

/* Begin PBXResourcesBuildPhase section */
		7D66EF7120AA499B00161EE7 /* Resources */ = {
			isa = PBXResourcesBuildPhase;
			buildActionMask = 2147483647;
			files = (
				7D66EF8120AA499D00161EE7 /* LaunchScreen.storyboard in Resources */,
				7D7D117A20AF63A40060EAC2 /* AchievementCell.xib in Resources */,
				7D66EF7E20AA499D00161EE7 /* Assets.xcassets in Resources */,
				7D6ADAD320AD0CA40082CFCB /* achievements.json in Resources */,
			);
			runOnlyForDeploymentPostprocessing = 0;
		};
		7D66EF8520AA499D00161EE7 /* Resources */ = {
			isa = PBXResourcesBuildPhase;
			buildActionMask = 2147483647;
			files = (
			);
			runOnlyForDeploymentPostprocessing = 0;
		};
		7D66EF9020AA499D00161EE7 /* Resources */ = {
			isa = PBXResourcesBuildPhase;
			buildActionMask = 2147483647;
			files = (
			);
			runOnlyForDeploymentPostprocessing = 0;
		};
/* End PBXResourcesBuildPhase section */

/* Begin PBXShellScriptBuildPhase section */
		A4A367FF3AF457D5EE7423B6 /* [CP] Check Pods Manifest.lock */ = {
			isa = PBXShellScriptBuildPhase;
			buildActionMask = 2147483647;
			files = (
			);
			inputPaths = (
				"${PODS_PODFILE_DIR_PATH}/Podfile.lock",
				"${PODS_ROOT}/Manifest.lock",
			);
			name = "[CP] Check Pods Manifest.lock";
			outputPaths = (
				"$(DERIVED_FILE_DIR)/Pods-Stash-checkManifestLockResult.txt",
			);
			runOnlyForDeploymentPostprocessing = 0;
			shellPath = /bin/sh;
			shellScript = "diff \"${PODS_PODFILE_DIR_PATH}/Podfile.lock\" \"${PODS_ROOT}/Manifest.lock\" > /dev/null\nif [ $? != 0 ] ; then\n    # print error to STDERR\n    echo \"error: The sandbox is not in sync with the Podfile.lock. Run 'pod install' or update your CocoaPods installation.\" >&2\n    exit 1\nfi\n# This output is used by Xcode 'outputs' to avoid re-running this script phase.\necho \"SUCCESS\" > \"${SCRIPT_OUTPUT_FILE_0}\"\n";
			showEnvVarsInLog = 0;
		};
		B3CF278FAA5B98B09B06596E /* [CP] Embed Pods Frameworks */ = {
			isa = PBXShellScriptBuildPhase;
			buildActionMask = 2147483647;
			files = (
			);
			inputPaths = (
				"${SRCROOT}/Pods/Target Support Files/Pods-Stash/Pods-Stash-frameworks.sh",
				"${BUILT_PRODUCTS_DIR}/SDWebImage/SDWebImage.framework",
			);
			name = "[CP] Embed Pods Frameworks";
			outputPaths = (
				"${TARGET_BUILD_DIR}/${FRAMEWORKS_FOLDER_PATH}/SDWebImage.framework",
			);
			runOnlyForDeploymentPostprocessing = 0;
			shellPath = /bin/sh;
			shellScript = "\"${SRCROOT}/Pods/Target Support Files/Pods-Stash/Pods-Stash-frameworks.sh\"\n";
			showEnvVarsInLog = 0;
		};
/* End PBXShellScriptBuildPhase section */

/* Begin PBXSourcesBuildPhase section */
		7D66EF6F20AA499B00161EE7 /* Sources */ = {
			isa = PBXSourcesBuildPhase;
			buildActionMask = 2147483647;
			files = (
				7D6ADAE520AD1FE20082CFCB /* AchievementsRouter.swift in Sources */,
				7D6ADAE320AD1C330082CFCB /* AchievementsProtocol.swift in Sources */,
				7D6ADAEA20AD29630082CFCB /* UIFontExtensions.swift in Sources */,
				7D6ADAD120AD081C0082CFCB /* APIClient.swift in Sources */,
				7D6ADACE20AD06A90082CFCB /* AchievementsInteractor.swift in Sources */,
				7D66EFA520AA4A5300161EE7 /* AchievementsView.swift in Sources */,
				7D66EF7720AA499B00161EE7 /* AppDelegate.swift in Sources */,
				7D6ADAEC20AD29820082CFCB /* UIColorExtensions.swift in Sources */,
				7D6ADAE720AD273C0082CFCB /* StashNavigationController.swift in Sources */,
				7D6ADAD720AD0FCE0082CFCB /* AchievementOverview.swift in Sources */,
				7D6ADAE020AD15460082CFCB /* AchievementsPresenter.swift in Sources */,
				7D7D117C20AF65690060EAC2 /* AchievementCell.swift in Sources */,
				7D6ADAD520AD0F460082CFCB /* Achievement.swift in Sources */,
			);
			runOnlyForDeploymentPostprocessing = 0;
		};
		7D66EF8320AA499D00161EE7 /* Sources */ = {
			isa = PBXSourcesBuildPhase;
			buildActionMask = 2147483647;
			files = (
				7D66EF8C20AA499D00161EE7 /* StashTests.swift in Sources */,
			);
			runOnlyForDeploymentPostprocessing = 0;
		};
		7D66EF8E20AA499D00161EE7 /* Sources */ = {
			isa = PBXSourcesBuildPhase;
			buildActionMask = 2147483647;
			files = (
				7D66EF9720AA499D00161EE7 /* StashUITests.swift in Sources */,
			);
			runOnlyForDeploymentPostprocessing = 0;
		};
/* End PBXSourcesBuildPhase section */

/* Begin PBXTargetDependency section */
		7D66EF8920AA499D00161EE7 /* PBXTargetDependency */ = {
			isa = PBXTargetDependency;
			target = 7D66EF7220AA499B00161EE7 /* Stash */;
			targetProxy = 7D66EF8820AA499D00161EE7 /* PBXContainerItemProxy */;
		};
		7D66EF9420AA499D00161EE7 /* PBXTargetDependency */ = {
			isa = PBXTargetDependency;
			target = 7D66EF7220AA499B00161EE7 /* Stash */;
			targetProxy = 7D66EF9320AA499D00161EE7 /* PBXContainerItemProxy */;
		};
/* End PBXTargetDependency section */

/* Begin PBXVariantGroup section */
		7D66EF7F20AA499D00161EE7 /* LaunchScreen.storyboard */ = {
			isa = PBXVariantGroup;
			children = (
				7D66EF8020AA499D00161EE7 /* Base */,
			);
			name = LaunchScreen.storyboard;
			sourceTree = "<group>";
		};
/* End PBXVariantGroup section */

/* Begin XCBuildConfiguration section */
		7D66EF9920AA499D00161EE7 /* Debug */ = {
			isa = XCBuildConfiguration;
			buildSettings = {
				ALWAYS_SEARCH_USER_PATHS = NO;
				CLANG_ANALYZER_NONNULL = YES;
				CLANG_ANALYZER_NUMBER_OBJECT_CONVERSION = YES_AGGRESSIVE;
				CLANG_CXX_LANGUAGE_STANDARD = "gnu++14";
				CLANG_CXX_LIBRARY = "libc++";
				CLANG_ENABLE_MODULES = YES;
				CLANG_ENABLE_OBJC_ARC = YES;
				CLANG_ENABLE_OBJC_WEAK = YES;
				CLANG_WARN_BLOCK_CAPTURE_AUTORELEASING = YES;
				CLANG_WARN_BOOL_CONVERSION = YES;
				CLANG_WARN_COMMA = YES;
				CLANG_WARN_CONSTANT_CONVERSION = YES;
				CLANG_WARN_DEPRECATED_OBJC_IMPLEMENTATIONS = YES;
				CLANG_WARN_DIRECT_OBJC_ISA_USAGE = YES_ERROR;
				CLANG_WARN_DOCUMENTATION_COMMENTS = YES;
				CLANG_WARN_EMPTY_BODY = YES;
				CLANG_WARN_ENUM_CONVERSION = YES;
				CLANG_WARN_INFINITE_RECURSION = YES;
				CLANG_WARN_INT_CONVERSION = YES;
				CLANG_WARN_NON_LITERAL_NULL_CONVERSION = YES;
				CLANG_WARN_OBJC_IMPLICIT_RETAIN_SELF = YES;
				CLANG_WARN_OBJC_LITERAL_CONVERSION = YES;
				CLANG_WARN_OBJC_ROOT_CLASS = YES_ERROR;
				CLANG_WARN_RANGE_LOOP_ANALYSIS = YES;
				CLANG_WARN_STRICT_PROTOTYPES = YES;
				CLANG_WARN_SUSPICIOUS_MOVE = YES;
				CLANG_WARN_UNGUARDED_AVAILABILITY = YES_AGGRESSIVE;
				CLANG_WARN_UNREACHABLE_CODE = YES;
				CLANG_WARN__DUPLICATE_METHOD_MATCH = YES;
				CODE_SIGN_IDENTITY = "iPhone Developer";
				COPY_PHASE_STRIP = NO;
				DEBUG_INFORMATION_FORMAT = dwarf;
				ENABLE_STRICT_OBJC_MSGSEND = YES;
				ENABLE_TESTABILITY = YES;
				GCC_C_LANGUAGE_STANDARD = gnu11;
				GCC_DYNAMIC_NO_PIC = NO;
				GCC_NO_COMMON_BLOCKS = YES;
				GCC_OPTIMIZATION_LEVEL = 0;
				GCC_PREPROCESSOR_DEFINITIONS = (
					"DEBUG=1",
					"$(inherited)",
				);
				GCC_WARN_64_TO_32_BIT_CONVERSION = YES;
				GCC_WARN_ABOUT_RETURN_TYPE = YES_ERROR;
				GCC_WARN_UNDECLARED_SELECTOR = YES;
				GCC_WARN_UNINITIALIZED_AUTOS = YES_AGGRESSIVE;
				GCC_WARN_UNUSED_FUNCTION = YES;
				GCC_WARN_UNUSED_VARIABLE = YES;
				IPHONEOS_DEPLOYMENT_TARGET = 11.3;
				MTL_ENABLE_DEBUG_INFO = YES;
				ONLY_ACTIVE_ARCH = YES;
				SDKROOT = iphoneos;
				SWIFT_ACTIVE_COMPILATION_CONDITIONS = DEBUG;
				SWIFT_OPTIMIZATION_LEVEL = "-Onone";
			};
			name = Debug;
		};
		7D66EF9A20AA499D00161EE7 /* Release */ = {
			isa = XCBuildConfiguration;
			buildSettings = {
				ALWAYS_SEARCH_USER_PATHS = NO;
				CLANG_ANALYZER_NONNULL = YES;
				CLANG_ANALYZER_NUMBER_OBJECT_CONVERSION = YES_AGGRESSIVE;
				CLANG_CXX_LANGUAGE_STANDARD = "gnu++14";
				CLANG_CXX_LIBRARY = "libc++";
				CLANG_ENABLE_MODULES = YES;
				CLANG_ENABLE_OBJC_ARC = YES;
				CLANG_ENABLE_OBJC_WEAK = YES;
				CLANG_WARN_BLOCK_CAPTURE_AUTORELEASING = YES;
				CLANG_WARN_BOOL_CONVERSION = YES;
				CLANG_WARN_COMMA = YES;
				CLANG_WARN_CONSTANT_CONVERSION = YES;
				CLANG_WARN_DEPRECATED_OBJC_IMPLEMENTATIONS = YES;
				CLANG_WARN_DIRECT_OBJC_ISA_USAGE = YES_ERROR;
				CLANG_WARN_DOCUMENTATION_COMMENTS = YES;
				CLANG_WARN_EMPTY_BODY = YES;
				CLANG_WARN_ENUM_CONVERSION = YES;
				CLANG_WARN_INFINITE_RECURSION = YES;
				CLANG_WARN_INT_CONVERSION = YES;
				CLANG_WARN_NON_LITERAL_NULL_CONVERSION = YES;
				CLANG_WARN_OBJC_IMPLICIT_RETAIN_SELF = YES;
				CLANG_WARN_OBJC_LITERAL_CONVERSION = YES;
				CLANG_WARN_OBJC_ROOT_CLASS = YES_ERROR;
				CLANG_WARN_RANGE_LOOP_ANALYSIS = YES;
				CLANG_WARN_STRICT_PROTOTYPES = YES;
				CLANG_WARN_SUSPICIOUS_MOVE = YES;
				CLANG_WARN_UNGUARDED_AVAILABILITY = YES_AGGRESSIVE;
				CLANG_WARN_UNREACHABLE_CODE = YES;
				CLANG_WARN__DUPLICATE_METHOD_MATCH = YES;
				CODE_SIGN_IDENTITY = "iPhone Developer";
				COPY_PHASE_STRIP = NO;
				DEBUG_INFORMATION_FORMAT = "dwarf-with-dsym";
				ENABLE_NS_ASSERTIONS = NO;
				ENABLE_STRICT_OBJC_MSGSEND = YES;
				GCC_C_LANGUAGE_STANDARD = gnu11;
				GCC_NO_COMMON_BLOCKS = YES;
				GCC_WARN_64_TO_32_BIT_CONVERSION = YES;
				GCC_WARN_ABOUT_RETURN_TYPE = YES_ERROR;
				GCC_WARN_UNDECLARED_SELECTOR = YES;
				GCC_WARN_UNINITIALIZED_AUTOS = YES_AGGRESSIVE;
				GCC_WARN_UNUSED_FUNCTION = YES;
				GCC_WARN_UNUSED_VARIABLE = YES;
				IPHONEOS_DEPLOYMENT_TARGET = 11.3;
				MTL_ENABLE_DEBUG_INFO = NO;
				SDKROOT = iphoneos;
				SWIFT_COMPILATION_MODE = wholemodule;
				SWIFT_OPTIMIZATION_LEVEL = "-O";
				VALIDATE_PRODUCT = YES;
			};
			name = Release;
		};
		7D66EF9C20AA499D00161EE7 /* Debug */ = {
			isa = XCBuildConfiguration;
			baseConfigurationReference = C0F73734FB31A409FFF1BDE0 /* Pods-Stash.debug.xcconfig */;
			buildSettings = {
				ASSETCATALOG_COMPILER_APPICON_NAME = AppIcon;
				CODE_SIGN_STYLE = Automatic;
				INFOPLIST_FILE = Stash/Info.plist;
				LD_RUNPATH_SEARCH_PATHS = (
					"$(inherited)",
					"@executable_path/Frameworks",
				);
				PRODUCT_BUNDLE_IDENTIFIER = example.Stash;
				PRODUCT_NAME = "$(TARGET_NAME)";
				SWIFT_VERSION = 4.0;
				TARGETED_DEVICE_FAMILY = "1,2";
			};
			name = Debug;
		};
		7D66EF9D20AA499D00161EE7 /* Release */ = {
			isa = XCBuildConfiguration;
			baseConfigurationReference = EAED89EC4786111BFD74732B /* Pods-Stash.release.xcconfig */;
			buildSettings = {
				ASSETCATALOG_COMPILER_APPICON_NAME = AppIcon;
				CODE_SIGN_STYLE = Automatic;
				INFOPLIST_FILE = Stash/Info.plist;
				LD_RUNPATH_SEARCH_PATHS = (
					"$(inherited)",
					"@executable_path/Frameworks",
				);
				PRODUCT_BUNDLE_IDENTIFIER = example.Stash;
				PRODUCT_NAME = "$(TARGET_NAME)";
				SWIFT_VERSION = 4.0;
				TARGETED_DEVICE_FAMILY = "1,2";
			};
			name = Release;
		};
		7D66EF9F20AA499D00161EE7 /* Debug */ = {
			isa = XCBuildConfiguration;
			buildSettings = {
				ALWAYS_EMBED_SWIFT_STANDARD_LIBRARIES = YES;
				BUNDLE_LOADER = "$(TEST_HOST)";
				CODE_SIGN_STYLE = Automatic;
				INFOPLIST_FILE = StashTests/Info.plist;
				LD_RUNPATH_SEARCH_PATHS = (
					"$(inherited)",
					"@executable_path/Frameworks",
					"@loader_path/Frameworks",
				);
				PRODUCT_BUNDLE_IDENTIFIER = example.StashTests;
				PRODUCT_NAME = "$(TARGET_NAME)";
				SWIFT_VERSION = 4.0;
				TARGETED_DEVICE_FAMILY = "1,2";
				TEST_HOST = "$(BUILT_PRODUCTS_DIR)/Stash.app/Stash";
			};
			name = Debug;
		};
		7D66EFA020AA499D00161EE7 /* Release */ = {
			isa = XCBuildConfiguration;
			buildSettings = {
				ALWAYS_EMBED_SWIFT_STANDARD_LIBRARIES = YES;
				BUNDLE_LOADER = "$(TEST_HOST)";
				CODE_SIGN_STYLE = Automatic;
				INFOPLIST_FILE = StashTests/Info.plist;
				LD_RUNPATH_SEARCH_PATHS = (
					"$(inherited)",
					"@executable_path/Frameworks",
					"@loader_path/Frameworks",
				);
				PRODUCT_BUNDLE_IDENTIFIER = example.StashTests;
				PRODUCT_NAME = "$(TARGET_NAME)";
				SWIFT_VERSION = 4.0;
				TARGETED_DEVICE_FAMILY = "1,2";
				TEST_HOST = "$(BUILT_PRODUCTS_DIR)/Stash.app/Stash";
			};
			name = Release;
		};
		7D66EFA220AA499D00161EE7 /* Debug */ = {
			isa = XCBuildConfiguration;
			buildSettings = {
				ALWAYS_EMBED_SWIFT_STANDARD_LIBRARIES = YES;
				CODE_SIGN_STYLE = Automatic;
				INFOPLIST_FILE = StashUITests/Info.plist;
				LD_RUNPATH_SEARCH_PATHS = (
					"$(inherited)",
					"@executable_path/Frameworks",
					"@loader_path/Frameworks",
				);
				PRODUCT_BUNDLE_IDENTIFIER = example.StashUITests;
				PRODUCT_NAME = "$(TARGET_NAME)";
				SWIFT_VERSION = 4.0;
				TARGETED_DEVICE_FAMILY = "1,2";
				TEST_TARGET_NAME = Stash;
			};
			name = Debug;
		};
		7D66EFA320AA499D00161EE7 /* Release */ = {
			isa = XCBuildConfiguration;
			buildSettings = {
				ALWAYS_EMBED_SWIFT_STANDARD_LIBRARIES = YES;
				CODE_SIGN_STYLE = Automatic;
				INFOPLIST_FILE = StashUITests/Info.plist;
				LD_RUNPATH_SEARCH_PATHS = (
					"$(inherited)",
					"@executable_path/Frameworks",
					"@loader_path/Frameworks",
				);
				PRODUCT_BUNDLE_IDENTIFIER = example.StashUITests;
				PRODUCT_NAME = "$(TARGET_NAME)";
				SWIFT_VERSION = 4.0;
				TARGETED_DEVICE_FAMILY = "1,2";
				TEST_TARGET_NAME = Stash;
			};
			name = Release;
		};
/* End XCBuildConfiguration section */

/* Begin XCConfigurationList section */
		7D66EF6E20AA499B00161EE7 /* Build configuration list for PBXProject "Stash" */ = {
			isa = XCConfigurationList;
			buildConfigurations = (
				7D66EF9920AA499D00161EE7 /* Debug */,
				7D66EF9A20AA499D00161EE7 /* Release */,
			);
			defaultConfigurationIsVisible = 0;
			defaultConfigurationName = Release;
		};
		7D66EF9B20AA499D00161EE7 /* Build configuration list for PBXNativeTarget "Stash" */ = {
			isa = XCConfigurationList;
			buildConfigurations = (
				7D66EF9C20AA499D00161EE7 /* Debug */,
				7D66EF9D20AA499D00161EE7 /* Release */,
			);
			defaultConfigurationIsVisible = 0;
			defaultConfigurationName = Release;
		};
		7D66EF9E20AA499D00161EE7 /* Build configuration list for PBXNativeTarget "StashTests" */ = {
			isa = XCConfigurationList;
			buildConfigurations = (
				7D66EF9F20AA499D00161EE7 /* Debug */,
				7D66EFA020AA499D00161EE7 /* Release */,
			);
			defaultConfigurationIsVisible = 0;
			defaultConfigurationName = Release;
		};
		7D66EFA120AA499D00161EE7 /* Build configuration list for PBXNativeTarget "StashUITests" */ = {
			isa = XCConfigurationList;
			buildConfigurations = (
				7D66EFA220AA499D00161EE7 /* Debug */,
				7D66EFA320AA499D00161EE7 /* Release */,
			);
			defaultConfigurationIsVisible = 0;
			defaultConfigurationName = Release;
		};
/* End XCConfigurationList section */
	};
	rootObject = 7D66EF6B20AA499B00161EE7 /* Project object */;
}
